
Microsoft Visual Studio Solution File, Format Version 12.00
# Visual Studio Version 16
VisualStudioVersion = 16.0.29806.167
MinimumVisualStudioVersion = 10.0.40219.1
Project("{8BC9CEB8-8B4A-11D0-8D11-00A0C91BC942}") = "Algorithms and data structures", "Algorithms and data structures.vcxproj", "{4789740D-7030-4CAC-82FA-18EB59079AC0}"
EndProject
Project("{8BC9CEB8-8B4A-11D0-8D11-00A0C91BC942}") = "Project1", "Project1\Project1.vcxproj", "{AE010DC7-767F-49DC-BD8F-F8BA809CEA78}"
EndProject
Global
	GlobalSection(SolutionConfigurationPlatforms) = preSolution
		Debug|x64 = Debug|x64
		Debug|x86 = Debug|x86
		Release|x64 = Release|x64
		Release|x86 = Release|x86
	EndGlobalSection
	GlobalSection(ProjectConfigurationPlatforms) = postSolution
		{4789740D-7030-4CAC-82FA-18EB59079AC0}.Debug|x64.ActiveCfg = Debug|x64
		{4789740D-7030-4CAC-82FA-18EB59079AC0}.Debug|x64.Build.0 = Debug|x64
		{4789740D-7030-4CAC-82FA-18EB59079AC0}.Debug|x86.ActiveCfg = Debug|Win32
		{4789740D-7030-4CAC-82FA-18EB59079AC0}.Debug|x86.Build.0 = Debug|Win32
		{4789740D-7030-4CAC-82FA-18EB59079AC0}.Release|x64.ActiveCfg = Release|x64
		{4789740D-7030-4CAC-82FA-18EB59079AC0}.Release|x64.Build.0 = Release|x64
		{4789740D-7030-4CAC-82FA-18EB59079AC0}.Release|x86.ActiveCfg = Release|Win32
		{4789740D-7030-4CAC-82FA-18EB59079AC0}.Release|x86.Build.0 = Release|Win32
		{AE010DC7-767F-49DC-BD8F-F8BA809CEA78}.Debug|x64.ActiveCfg = Debug|x64
		{AE010DC7-767F-49DC-BD8F-F8BA809CEA78}.Debug|x64.Build.0 = Debug|x64
		{AE010DC7-767F-49DC-BD8F-F8BA809CEA78}.Debug|x86.ActiveCfg = Debug|Win32
		{AE010DC7-767F-49DC-BD8F-F8BA809CEA78}.Debug|x86.Build.0 = Debug|Win32
		{AE010DC7-767F-49DC-BD8F-F8BA809CEA78}.Release|x64.ActiveCfg = Release|x64
		{AE010DC7-767F-49DC-BD8F-F8BA809CEA78}.Release|x64.Build.0 = Release|x64
		{AE010DC7-767F-49DC-BD8F-F8BA809CEA78}.Release|x86.ActiveCfg = Release|Win32
		{AE010DC7-767F-49DC-BD8F-F8BA809CEA78}.Release|x86.Build.0 = Release|Win32
	EndGlobalSection
	GlobalSection(SolutionProperties) = preSolution
		HideSolutionNode = FALSE
	EndGlobalSection
	GlobalSection(ExtensibilityGlobals) = postSolution
		SolutionGuid = {3BE00BF3-9C4A-45F8-A2A5-873384B161D4}
	EndGlobalSection
EndGlobal
